// !$*UTF8*$!
{
	archiveVersion = 1;
	classes = {
	};
	objectVersion = 56;
	objects = {

/* Begin PBXBuildFile section */
		FBB529182BEDCF8B00E88F5C /* AppDelegate.swift in Sources */ = {isa = PBXBuildFile; fileRef = FBB529172BEDCF8B00E88F5C /* AppDelegate.swift */; };
		FBB5291A2BEDCF8B00E88F5C /* SceneDelegate.swift in Sources */ = {isa = PBXBuildFile; fileRef = FBB529192BEDCF8B00E88F5C /* SceneDelegate.swift */; };
		FBB5291C2BEDCF8B00E88F5C /* MusicPlayerDetailsViewController.swift in Sources */ = {isa = PBXBuildFile; fileRef = FBB5291B2BEDCF8B00E88F5C /* MusicPlayerDetailsViewController.swift */; };
		FBB529212BEDCF8D00E88F5C /* Assets.xcassets in Resources */ = {isa = PBXBuildFile; fileRef = FBB529202BEDCF8D00E88F5C /* Assets.xcassets */; };
		FBB529242BEDCF8D00E88F5C /* Base in Resources */ = {isa = PBXBuildFile; fileRef = FBB529232BEDCF8D00E88F5C /* Base */; };
		FBB5292C2BEE338000E88F5C /* HeartProgressView.swift in Sources */ = {isa = PBXBuildFile; fileRef = FBB5292B2BEE338000E88F5C /* HeartProgressView.swift */; };
		FBB5292E2BEE82D200E88F5C /* CircularProgressView.swift in Sources */ = {isa = PBXBuildFile; fileRef = FBB5292D2BEE82D200E88F5C /* CircularProgressView.swift */; };
		FBB529302BEE8D4A00E88F5C /* TabBarController.swift in Sources */ = {isa = PBXBuildFile; fileRef = FBB5292F2BEE8D4A00E88F5C /* TabBarController.swift */; };
		FBB529342BEEA5D000E88F5C /* MusicPlayerDetailsViewModel.swift in Sources */ = {isa = PBXBuildFile; fileRef = FBB529332BEEA5D000E88F5C /* MusicPlayerDetailsViewModel.swift */; };
		FBB529362BEEAAC000E88F5C /* HomeViewController.swift in Sources */ = {isa = PBXBuildFile; fileRef = FBB529352BEEAAC000E88F5C /* HomeViewController.swift */; };
		FBB529382BEEB1E500E88F5C /* ColorExtension.swift in Sources */ = {isa = PBXBuildFile; fileRef = FBB529372BEEB1E500E88F5C /* ColorExtension.swift */; };
		FBB5293A2BEEB31100E88F5C /* HomeViewModel.swift in Sources */ = {isa = PBXBuildFile; fileRef = FBB529392BEEB31100E88F5C /* HomeViewModel.swift */; };
/* End PBXBuildFile section */

/* Begin PBXFileReference section */
		FBB529142BEDCF8B00E88F5C /* PlayMusic.app */ = {isa = PBXFileReference; explicitFileType = wrapper.application; includeInIndex = 0; path = PlayMusic.app; sourceTree = BUILT_PRODUCTS_DIR; };
		FBB529172BEDCF8B00E88F5C /* AppDelegate.swift */ = {isa = PBXFileReference; lastKnownFileType = sourcecode.swift; path = AppDelegate.swift; sourceTree = "<group>"; };
		FBB529192BEDCF8B00E88F5C /* SceneDelegate.swift */ = {isa = PBXFileReference; lastKnownFileType = sourcecode.swift; path = SceneDelegate.swift; sourceTree = "<group>"; };
		FBB5291B2BEDCF8B00E88F5C /* MusicPlayerDetailsViewController.swift */ = {isa = PBXFileReference; lastKnownFileType = sourcecode.swift; path = MusicPlayerDetailsViewController.swift; sourceTree = "<group>"; };
		FBB529202BEDCF8D00E88F5C /* Assets.xcassets */ = {isa = PBXFileReference; lastKnownFileType = folder.assetcatalog; path = Assets.xcassets; sourceTree = "<group>"; };
		FBB529232BEDCF8D00E88F5C /* Base */ = {isa = PBXFileReference; lastKnownFileType = file.storyboard; name = Base; path = Base.lproj/LaunchScreen.storyboard; sourceTree = "<group>"; };
		FBB529252BEDCF8D00E88F5C /* Info.plist */ = {isa = PBXFileReference; lastKnownFileType = text.plist.xml; path = Info.plist; sourceTree = "<group>"; };
		FBB5292B2BEE338000E88F5C /* HeartProgressView.swift */ = {isa = PBXFileReference; lastKnownFileType = sourcecode.swift; path = HeartProgressView.swift; sourceTree = "<group>"; };
		FBB5292D2BEE82D200E88F5C /* CircularProgressView.swift */ = {isa = PBXFileReference; lastKnownFileType = sourcecode.swift; path = CircularProgressView.swift; sourceTree = "<group>"; };
		FBB5292F2BEE8D4A00E88F5C /* TabBarController.swift */ = {isa = PBXFileReference; lastKnownFileType = sourcecode.swift; path = TabBarController.swift; sourceTree = "<group>"; };
		FBB529332BEEA5D000E88F5C /* MusicPlayerDetailsViewModel.swift */ = {isa = PBXFileReference; lastKnownFileType = sourcecode.swift; path = MusicPlayerDetailsViewModel.swift; sourceTree = "<group>"; };
		FBB529352BEEAAC000E88F5C /* HomeViewController.swift */ = {isa = PBXFileReference; lastKnownFileType = sourcecode.swift; path = HomeViewController.swift; sourceTree = "<group>"; };
		FBB529372BEEB1E500E88F5C /* ColorExtension.swift */ = {isa = PBXFileReference; lastKnownFileType = sourcecode.swift; path = ColorExtension.swift; sourceTree = "<group>"; };
		FBB529392BEEB31100E88F5C /* HomeViewModel.swift */ = {isa = PBXFileReference; lastKnownFileType = sourcecode.swift; path = HomeViewModel.swift; sourceTree = "<group>"; };
/* End PBXFileReference section */

/* Begin PBXFrameworksBuildPhase section */
		FBB529112BEDCF8B00E88F5C /* Frameworks */ = {
			isa = PBXFrameworksBuildPhase;
			buildActionMask = 2147483647;
			files = (
			);
			runOnlyForDeploymentPostprocessing = 0;
		};
/* End PBXFrameworksBuildPhase section */

/* Begin PBXGroup section */
		FBB5290B2BEDCF8B00E88F5C = {
			isa = PBXGroup;
			children = (
				FBB529162BEDCF8B00E88F5C /* PlayMusic */,
				FBB529152BEDCF8B00E88F5C /* Products */,
			);
			sourceTree = "<group>";
		};
		FBB529152BEDCF8B00E88F5C /* Products */ = {
			isa = PBXGroup;
			children = (
				FBB529142BEDCF8B00E88F5C /* PlayMusic.app */,
			);
			name = Products;
			sourceTree = "<group>";
		};
		FBB529162BEDCF8B00E88F5C /* PlayMusic */ = {
			isa = PBXGroup;
			children = (
				FBB5293B2BEEB46300E88F5C /* App */,
				FBB5293C2BEEB46E00E88F5C /* Scenes */,
				FBB529422BEEB51700E88F5C /* ColorExtension */,
				FBB529432BEEB52700E88F5C /* Resources */,
				FBB529252BEDCF8D00E88F5C /* Info.plist */,
			);
			path = PlayMusic;
			sourceTree = "<group>";
		};
		FBB5293B2BEEB46300E88F5C /* App */ = {
			isa = PBXGroup;
			children = (
				FBB529172BEDCF8B00E88F5C /* AppDelegate.swift */,
				FBB529192BEDCF8B00E88F5C /* SceneDelegate.swift */,
			);
			path = App;
			sourceTree = "<group>";
		};
		FBB5293C2BEEB46E00E88F5C /* Scenes */ = {
			isa = PBXGroup;
			children = (
				FBB5293D2BEEB47A00E88F5C /* MusicPlayerDetails */,
				FBB529402BEEB4DF00E88F5C /* TabBar */,
				FBB529412BEEB4F100E88F5C /* TabBarComponents */,
			);
			path = Scenes;
			sourceTree = "<group>";
		};
		FBB5293D2BEEB47A00E88F5C /* MusicPlayerDetails */ = {
			isa = PBXGroup;
			children = (
				FBB5293F2BEEB4C900E88F5C /* CircularProgress */,
				FBB5293E2BEEB49100E88F5C /* HeartProgress */,
				FBB5291B2BEDCF8B00E88F5C /* MusicPlayerDetailsViewController.swift */,
				FBB529332BEEA5D000E88F5C /* MusicPlayerDetailsViewModel.swift */,
			);
			path = MusicPlayerDetails;
			sourceTree = "<group>";
		};
		FBB5293E2BEEB49100E88F5C /* HeartProgress */ = {
			isa = PBXGroup;
			children = (
				FBB5292B2BEE338000E88F5C /* HeartProgressView.swift */,
			);
			path = HeartProgress;
			sourceTree = "<group>";
		};
		FBB5293F2BEEB4C900E88F5C /* CircularProgress */ = {
			isa = PBXGroup;
			children = (
				FBB5292D2BEE82D200E88F5C /* CircularProgressView.swift */,
			);
			path = CircularProgress;
			sourceTree = "<group>";
		};
		FBB529402BEEB4DF00E88F5C /* TabBar */ = {
			isa = PBXGroup;
			children = (
				FBB5292F2BEE8D4A00E88F5C /* TabBarController.swift */,
			);
			path = TabBar;
			sourceTree = "<group>";
		};
		FBB529412BEEB4F100E88F5C /* TabBarComponents */ = {
			isa = PBXGroup;
			children = (
				FBB529352BEEAAC000E88F5C /* HomeViewController.swift */,
				FBB529392BEEB31100E88F5C /* HomeViewModel.swift */,
			);
			path = TabBarComponents;
			sourceTree = "<group>";
		};
		FBB529422BEEB51700E88F5C /* ColorExtension */ = {
			isa = PBXGroup;
			children = (
				FBB529372BEEB1E500E88F5C /* ColorExtension.swift */,
			);
			path = ColorExtension;
			sourceTree = "<group>";
		};
		FBB529432BEEB52700E88F5C /* Resources */ = {
			isa = PBXGroup;
			children = (
				FBB529202BEDCF8D00E88F5C /* Assets.xcassets */,
				FBB529222BEDCF8D00E88F5C /* LaunchScreen.storyboard */,
			);
			path = Resources;
			sourceTree = "<group>";
		};
/* End PBXGroup section */

/* Begin PBXNativeTarget section */
		FBB529132BEDCF8B00E88F5C /* PlayMusic */ = {
			isa = PBXNativeTarget;
			buildConfigurationList = FBB529282BEDCF8D00E88F5C /* Build configuration list for PBXNativeTarget "PlayMusic" */;
			buildPhases = (
				FBB529102BEDCF8B00E88F5C /* Sources */,
				FBB529112BEDCF8B00E88F5C /* Frameworks */,
				FBB529122BEDCF8B00E88F5C /* Resources */,
			);
			buildRules = (
			);
			dependencies = (
			);
			name = PlayMusic;
			productName = PlayMusic;
			productReference = FBB529142BEDCF8B00E88F5C /* PlayMusic.app */;
			productType = "com.apple.product-type.application";
		};
/* End PBXNativeTarget section */

/* Begin PBXProject section */
		FBB5290C2BEDCF8B00E88F5C /* Project object */ = {
			isa = PBXProject;
			attributes = {
				BuildIndependentTargetsInParallel = 1;
				LastSwiftUpdateCheck = 1530;
				LastUpgradeCheck = 1530;
				TargetAttributes = {
					FBB529132BEDCF8B00E88F5C = {
						CreatedOnToolsVersion = 15.3;
					};
				};
			};
			buildConfigurationList = FBB5290F2BEDCF8B00E88F5C /* Build configuration list for PBXProject "PlayMusic" */;
			compatibilityVersion = "Xcode 14.0";
			developmentRegion = en;
			hasScannedForEncodings = 0;
			knownRegions = (
				en,
				Base,
			);
			mainGroup = FBB5290B2BEDCF8B00E88F5C;
			productRefGroup = FBB529152BEDCF8B00E88F5C /* Products */;
			projectDirPath = "";
			projectRoot = "";
			targets = (
				FBB529132BEDCF8B00E88F5C /* PlayMusic */,
			);
		};
/* End PBXProject section */

/* Begin PBXResourcesBuildPhase section */
		FBB529122BEDCF8B00E88F5C /* Resources */ = {
			isa = PBXResourcesBuildPhase;
			buildActionMask = 2147483647;
			files = (
				FBB529212BEDCF8D00E88F5C /* Assets.xcassets in Resources */,
				FBB529242BEDCF8D00E88F5C /* Base in Resources */,
			);
			runOnlyForDeploymentPostprocessing = 0;
		};
/* End PBXResourcesBuildPhase section */

/* Begin PBXSourcesBuildPhase section */
		FBB529102BEDCF8B00E88F5C /* Sources */ = {
			isa = PBXSourcesBuildPhase;
			buildActionMask = 2147483647;
			files = (
				FBB5291C2BEDCF8B00E88F5C /* MusicPlayerDetailsViewController.swift in Sources */,
				FBB529182BEDCF8B00E88F5C /* AppDelegate.swift in Sources */,
				FBB5291A2BEDCF8B00E88F5C /* SceneDelegate.swift in Sources */,
				FBB5293A2BEEB31100E88F5C /* HomeViewModel.swift in Sources */,
				FBB529382BEEB1E500E88F5C /* ColorExtension.swift in Sources */,
				FBB529362BEEAAC000E88F5C /* HomeViewController.swift in Sources */,
				FBB529302BEE8D4A00E88F5C /* TabBarController.swift in Sources */,
				FBB5292E2BEE82D200E88F5C /* CircularProgressView.swift in Sources */,
				FBB5292C2BEE338000E88F5C /* HeartProgressView.swift in Sources */,
				FBB529342BEEA5D000E88F5C /* MusicPlayerDetailsViewModel.swift in Sources */,
			);
			runOnlyForDeploymentPostprocessing = 0;
		};
/* End PBXSourcesBuildPhase section */

/* Begin PBXVariantGroup section */
		FBB529222BEDCF8D00E88F5C /* LaunchScreen.storyboard */ = {
			isa = PBXVariantGroup;
			children = (
				FBB529232BEDCF8D00E88F5C /* Base */,
			);
			name = LaunchScreen.storyboard;
			sourceTree = "<group>";
		};
/* End PBXVariantGroup section */

/* Begin XCBuildConfiguration section */
		FBB529262BEDCF8D00E88F5C /* Debug */ = {
			isa = XCBuildConfiguration;
			buildSettings = {
				ALWAYS_SEARCH_USER_PATHS = NO;
				ASSETCATALOG_COMPILER_GENERATE_SWIFT_ASSET_SYMBOL_EXTENSIONS = YES;
				CLANG_ANALYZER_NONNULL = YES;
				CLANG_ANALYZER_NUMBER_OBJECT_CONVERSION = YES_AGGRESSIVE;
				CLANG_CXX_LANGUAGE_STANDARD = "gnu++20";
				CLANG_ENABLE_MODULES = YES;
				CLANG_ENABLE_OBJC_ARC = YES;
				CLANG_ENABLE_OBJC_WEAK = YES;
				CLANG_WARN_BLOCK_CAPTURE_AUTORELEASING = YES;
				CLANG_WARN_BOOL_CONVERSION = YES;
				CLANG_WARN_COMMA = YES;
				CLANG_WARN_CONSTANT_CONVERSION = YES;
				CLANG_WARN_DEPRECATED_OBJC_IMPLEMENTATIONS = YES;
				CLANG_WARN_DIRECT_OBJC_ISA_USAGE = YES_ERROR;
				CLANG_WARN_DOCUMENTATION_COMMENTS = YES;
				CLANG_WARN_EMPTY_BODY = YES;
				CLANG_WARN_ENUM_CONVERSION = YES;
				CLANG_WARN_INFINITE_RECURSION = YES;
				CLANG_WARN_INT_CONVERSION = YES;
				CLANG_WARN_NON_LITERAL_NULL_CONVERSION = YES;
				CLANG_WARN_OBJC_IMPLICIT_RETAIN_SELF = YES;
				CLANG_WARN_OBJC_LITERAL_CONVERSION = YES;
				CLANG_WARN_OBJC_ROOT_CLASS = YES_ERROR;
				CLANG_WARN_QUOTED_INCLUDE_IN_FRAMEWORK_HEADER = YES;
				CLANG_WARN_RANGE_LOOP_ANALYSIS = YES;
				CLANG_WARN_STRICT_PROTOTYPES = YES;
				CLANG_WARN_SUSPICIOUS_MOVE = YES;
				CLANG_WARN_UNGUARDED_AVAILABILITY = YES_AGGRESSIVE;
				CLANG_WARN_UNREACHABLE_CODE = YES;
				CLANG_WARN__DUPLICATE_METHOD_MATCH = YES;
				COPY_PHASE_STRIP = NO;
				DEBUG_INFORMATION_FORMAT = dwarf;
				ENABLE_STRICT_OBJC_MSGSEND = YES;
				ENABLE_TESTABILITY = YES;
				ENABLE_USER_SCRIPT_SANDBOXING = YES;
				GCC_C_LANGUAGE_STANDARD = gnu17;
				GCC_DYNAMIC_NO_PIC = NO;
				GCC_NO_COMMON_BLOCKS = YES;
				GCC_OPTIMIZATION_LEVEL = 0;
				GCC_PREPROCESSOR_DEFINITIONS = (
					"DEBUG=1",
					"$(inherited)",
				);
				GCC_WARN_64_TO_32_BIT_CONVERSION = YES;
				GCC_WARN_ABOUT_RETURN_TYPE = YES_ERROR;
				GCC_WARN_UNDECLARED_SELECTOR = YES;
				GCC_WARN_UNINITIALIZED_AUTOS = YES_AGGRESSIVE;
				GCC_WARN_UNUSED_FUNCTION = YES;
				GCC_WARN_UNUSED_VARIABLE = YES;
				IPHONEOS_DEPLOYMENT_TARGET = 17.4;
				LOCALIZATION_PREFERS_STRING_CATALOGS = YES;
				MTL_ENABLE_DEBUG_INFO = INCLUDE_SOURCE;
				MTL_FAST_MATH = YES;
				ONLY_ACTIVE_ARCH = YES;
				SDKROOT = iphoneos;
				SWIFT_ACTIVE_COMPILATION_CONDITIONS = "DEBUG $(inherited)";
				SWIFT_OPTIMIZATION_LEVEL = "-Onone";
			};
			name = Debug;
		};
		FBB529272BEDCF8D00E88F5C /* Release */ = {
			isa = XCBuildConfiguration;
			buildSettings = {
				ALWAYS_SEARCH_USER_PATHS = NO;
				ASSETCATALOG_COMPILER_GENERATE_SWIFT_ASSET_SYMBOL_EXTENSIONS = YES;
				CLANG_ANALYZER_NONNULL = YES;
				CLANG_ANALYZER_NUMBER_OBJECT_CONVERSION = YES_AGGRESSIVE;
				CLANG_CXX_LANGUAGE_STANDARD = "gnu++20";
				CLANG_ENABLE_MODULES = YES;
				CLANG_ENABLE_OBJC_ARC = YES;
				CLANG_ENABLE_OBJC_WEAK = YES;
				CLANG_WARN_BLOCK_CAPTURE_AUTORELEASING = YES;
				CLANG_WARN_BOOL_CONVERSION = YES;
				CLANG_WARN_COMMA = YES;
				CLANG_WARN_CONSTANT_CONVERSION = YES;
				CLANG_WARN_DEPRECATED_OBJC_IMPLEMENTATIONS = YES;
				CLANG_WARN_DIRECT_OBJC_ISA_USAGE = YES_ERROR;
				CLANG_WARN_DOCUMENTATION_COMMENTS = YES;
				CLANG_WARN_EMPTY_BODY = YES;
				CLANG_WARN_ENUM_CONVERSION = YES;
				CLANG_WARN_INFINITE_RECURSION = YES;
				CLANG_WARN_INT_CONVERSION = YES;
				CLANG_WARN_NON_LITERAL_NULL_CONVERSION = YES;
				CLANG_WARN_OBJC_IMPLICIT_RETAIN_SELF = YES;
				CLANG_WARN_OBJC_LITERAL_CONVERSION = YES;
				CLANG_WARN_OBJC_ROOT_CLASS = YES_ERROR;
				CLANG_WARN_QUOTED_INCLUDE_IN_FRAMEWORK_HEADER = YES;
				CLANG_WARN_RANGE_LOOP_ANALYSIS = YES;
				CLANG_WARN_STRICT_PROTOTYPES = YES;
				CLANG_WARN_SUSPICIOUS_MOVE = YES;
				CLANG_WARN_UNGUARDED_AVAILABILITY = YES_AGGRESSIVE;
				CLANG_WARN_UNREACHABLE_CODE = YES;
				CLANG_WARN__DUPLICATE_METHOD_MATCH = YES;
				COPY_PHASE_STRIP = NO;
				DEBUG_INFORMATION_FORMAT = "dwarf-with-dsym";
				ENABLE_NS_ASSERTIONS = NO;
				ENABLE_STRICT_OBJC_MSGSEND = YES;
				ENABLE_USER_SCRIPT_SANDBOXING = YES;
				GCC_C_LANGUAGE_STANDARD = gnu17;
				GCC_NO_COMMON_BLOCKS = YES;
				GCC_WARN_64_TO_32_BIT_CONVERSION = YES;
				GCC_WARN_ABOUT_RETURN_TYPE = YES_ERROR;
				GCC_WARN_UNDECLARED_SELECTOR = YES;
				GCC_WARN_UNINITIALIZED_AUTOS = YES_AGGRESSIVE;
				GCC_WARN_UNUSED_FUNCTION = YES;
				GCC_WARN_UNUSED_VARIABLE = YES;
				IPHONEOS_DEPLOYMENT_TARGET = 17.4;
				LOCALIZATION_PREFERS_STRING_CATALOGS = YES;
				MTL_ENABLE_DEBUG_INFO = NO;
				MTL_FAST_MATH = YES;
				SDKROOT = iphoneos;
				SWIFT_COMPILATION_MODE = wholemodule;
				VALIDATE_PRODUCT = YES;
			};
			name = Release;
		};
		FBB529292BEDCF8D00E88F5C /* Debug */ = {
			isa = XCBuildConfiguration;
			buildSettings = {
				ASSETCATALOG_COMPILER_APPICON_NAME = AppIcon;
				ASSETCATALOG_COMPILER_GLOBAL_ACCENT_COLOR_NAME = AccentColor;
				CODE_SIGN_STYLE = Manual;
				CURRENT_PROJECT_VERSION = 1;
				DEVELOPMENT_TEAM = "";
				GENERATE_INFOPLIST_FILE = YES;
				INFOPLIST_FILE = PlayMusic/Info.plist;
				INFOPLIST_KEY_UIApplicationSupportsIndirectInputEvents = YES;
				INFOPLIST_KEY_UILaunchStoryboardName = LaunchScreen;
				INFOPLIST_KEY_UISupportedInterfaceOrientations_iPad = "UIInterfaceOrientationPortrait UIInterfaceOrientationPortraitUpsideDown UIInterfaceOrientationLandscapeLeft UIInterfaceOrientationLandscapeRight";
				INFOPLIST_KEY_UISupportedInterfaceOrientations_iPhone = "UIInterfaceOrientationPortrait UIInterfaceOrientationLandscapeLeft UIInterfaceOrientationLandscapeRight";
				LD_RUNPATH_SEARCH_PATHS = (
					"$(inherited)",
					"@executable_path/Frameworks",
				);
				MARKETING_VERSION = 1.0;
				PRODUCT_BUNDLE_IDENTIFIER = TBC.PlayMusic;
				PRODUCT_NAME = "$(TARGET_NAME)";
				PROVISIONING_PROFILE_SPECIFIER = "";
				SWIFT_EMIT_LOC_STRINGS = YES;
				SWIFT_VERSION = 5.0;
				TARGETED_DEVICE_FAMILY = "1,2";
			};
			name = Debug;
		};
		FBB5292A2BEDCF8D00E88F5C /* Release */ = {
			isa = XCBuildConfiguration;
			buildSettings = {
				ASSETCATALOG_COMPILER_APPICON_NAME = AppIcon;
				ASSETCATALOG_COMPILER_GLOBAL_ACCENT_COLOR_NAME = AccentColor;
				CODE_SIGN_STYLE = Manual;
				CURRENT_PROJECT_VERSION = 1;
				DEVELOPMENT_TEAM = "";
				GENERATE_INFOPLIST_FILE = YES;
				INFOPLIST_FILE = PlayMusic/Info.plist;
				INFOPLIST_KEY_UIApplicationSupportsIndirectInputEvents = YES;
				INFOPLIST_KEY_UILaunchStoryboardName = LaunchScreen;
				INFOPLIST_KEY_UISupportedInterfaceOrientations_iPad = "UIInterfaceOrientationPortrait UIInterfaceOrientationPortraitUpsideDown UIInterfaceOrientationLandscapeLeft UIInterfaceOrientationLandscapeRight";
				INFOPLIST_KEY_UISupportedInterfaceOrientations_iPhone = "UIInterfaceOrientationPortrait UIInterfaceOrientationLandscapeLeft UIInterfaceOrientationLandscapeRight";
				LD_RUNPATH_SEARCH_PATHS = (
					"$(inherited)",
					"@executable_path/Frameworks",
				);
				MARKETING_VERSION = 1.0;
				PRODUCT_BUNDLE_IDENTIFIER = TBC.PlayMusic;
				PRODUCT_NAME = "$(TARGET_NAME)";
				PROVISIONING_PROFILE_SPECIFIER = "";
				SWIFT_EMIT_LOC_STRINGS = YES;
				SWIFT_VERSION = 5.0;
				TARGETED_DEVICE_FAMILY = "1,2";
			};
			name = Release;
		};
/* End XCBuildConfiguration section */

/* Begin XCConfigurationList section */
		FBB5290F2BEDCF8B00E88F5C /* Build configuration list for PBXProject "PlayMusic" */ = {
			isa = XCConfigurationList;
			buildConfigurations = (
				FBB529262BEDCF8D00E88F5C /* Debug */,
				FBB529272BEDCF8D00E88F5C /* Release */,
			);
			defaultConfigurationIsVisible = 0;
			defaultConfigurationName = Release;
		};
		FBB529282BEDCF8D00E88F5C /* Build configuration list for PBXNativeTarget "PlayMusic" */ = {
			isa = XCConfigurationList;
			buildConfigurations = (
				FBB529292BEDCF8D00E88F5C /* Debug */,
				FBB5292A2BEDCF8D00E88F5C /* Release */,
			);
			defaultConfigurationIsVisible = 0;
			defaultConfigurationName = Release;
		};
/* End XCConfigurationList section */
	};
	rootObject = FBB5290C2BEDCF8B00E88F5C /* Project object */;
}
